<Solution>
  <Folder Name="/Solution Items/">
    <File Path=".dockerignore" />
    <File Path=".editorconfig" />
    <File Path=".gitattributes" />
    <File Path=".gitignore" />
    <File Path="CHANGELOG.md" />
    <File Path="docker-compose.yaml" />
    <File Path="LICENSE" />
    <File Path="README.md" />
  </Folder>
  <Project Path="src/PokeCraft.Cms/PokeCraft.Cms.csproj" />
</Solution>
